{
  "name": "structured-stream",
  "version": "2.0.0-alpha.3",
  "lockfileVersion": 2,
  "requires": true,
  "packages": {
    "": {
      "name": "structured-stream",
      "version": "2.0.0-alpha.3",
      "license": "MIT",
      "dependencies": {
        "@await/event": "^1.0.3"
      },
      "devDependencies": {}
    },
    "node_modules/@await/event": {
      "version": "1.0.3",
      "resolved": "https://registry.npmjs.org/@await/event/-/event-1.0.3.tgz",
      "integrity": "sha512-Kd8U442ignU2gJaGuRV4iMWfgj21y05whVaSlI80qW6F8lb8FF/b+pXA+FMWGdCjkGzTtw8mo0BfwbASiLzicA=="
    }
  },
  "dependencies": {
    "@await/event": {
      "version": "1.0.3",
      "resolved": "https://registry.npmjs.org/@await/event/-/event-1.0.3.tgz",
      "integrity": "sha512-Kd8U442ignU2gJaGuRV4iMWfgj21y05whVaSlI80qW6F8lb8FF/b+pXA+FMWGdCjkGzTtw8mo0BfwbASiLzicA=="
    }
  }
}
